dependencies:
- name: whis-data-input
  repository: file://../whis-data-input
  version: 0.1.0
- name: whis-sanitize
  repository: file://../whis-sanitize
  version: 0.1.0
- name: whis-logic
  repository: file://../whis-logic
  version: 0.1.0
- name: frontend
  repository: file://../frontend
  version: 0.1.0
digest: sha256:f9420ccf4402ce97d495d3dfcaa9611af96dc18df43b1db75a23fd80d58df9c5
generated: "2025-07-13T09:52:13.097112303-04:00"
